
Microsoft Visual Studio Solution File, Format Version 12.00
# Visual Studio Version 16
VisualStudioVersion = 16.0.31624.102
MinimumVisualStudioVersion = 10.0.40219.1
Project("{2150E333-8FDC-42A3-9474-1A3956D46DE8}") = "Services", "Services", "{5F14F7DA-354C-406F-AE0C-1B88B98C2C13}"
EndProject
Project("{2150E333-8FDC-42A3-9474-1A3956D46DE8}") = "Catalog", "Catalog", "{11B077E0-831B-424A-B7DB-33C0A48574E7}"
EndProject
Project("{9A19103F-16F7-4668-BE54-9A1E7A4F7556}") = "Catalog.API", "Services\Catalog\Catalog.API\Catalog.API.csproj", "{9E2B2DB6-35B7-4265-8D2A-D47631A53167}"
EndProject
Project("{E53339B2-1760-4266-BCC7-CA923CBCF16C}") = "docker-compose", "docker-compose.dcproj", "{2BE79B22-00CD-4A08-A4C8-CAE8F63337E5}"
EndProject
Project("{2150E333-8FDC-42A3-9474-1A3956D46DE8}") = "Basket", "Basket", "{E0F80D06-4A9A-4646-A1FC-08EEABF31E50}"
EndProject
Project("{9A19103F-16F7-4668-BE54-9A1E7A4F7556}") = "Basket.API", "Services\Basket\Basket.API\Basket.API.csproj", "{2EFEF502-554E-4409-AC11-B675AB06B71F}"
EndProject
Project("{2150E333-8FDC-42A3-9474-1A3956D46DE8}") = "Discount", "Discount", "{1AB62D62-379D-495A-9A85-0BDD4599CDB1}"
EndProject
Project("{9A19103F-16F7-4668-BE54-9A1E7A4F7556}") = "Discount.API", "Services\Discount\Discount.API\Discount.API.csproj", "{6DB44348-476A-419C-8E53-6DB71484992F}"
EndProject
Project("{9A19103F-16F7-4668-BE54-9A1E7A4F7556}") = "Discount.Grpc", "Services\Discount\Discount.Grpc\Discount.Grpc.csproj", "{923A3A2C-BF6C-4628-8551-A1A6AE32654B}"
EndProject
Project("{2150E333-8FDC-42A3-9474-1A3956D46DE8}") = "Ordering", "Ordering", "{E4413A21-0693-45AD-94A3-E6BBA3621C71}"
EndProject
Project("{FAE04EC0-301F-11D3-BF4B-00C04F79EFBC}") = "Ordering.APi", "Services\Ordering\Ordering.APi\Ordering.APi.csproj", "{62773174-8ACE-41B0-9765-848B2910BA9F}"
EndProject
Global
	GlobalSection(SolutionConfigurationPlatforms) = preSolution
		Debug|Any CPU = Debug|Any CPU
		Release|Any CPU = Release|Any CPU
	EndGlobalSection
	GlobalSection(ProjectConfigurationPlatforms) = postSolution
		{9E2B2DB6-35B7-4265-8D2A-D47631A53167}.Debug|Any CPU.ActiveCfg = Debug|Any CPU
		{9E2B2DB6-35B7-4265-8D2A-D47631A53167}.Debug|Any CPU.Build.0 = Debug|Any CPU
		{9E2B2DB6-35B7-4265-8D2A-D47631A53167}.Release|Any CPU.ActiveCfg = Release|Any CPU
		{9E2B2DB6-35B7-4265-8D2A-D47631A53167}.Release|Any CPU.Build.0 = Release|Any CPU
		{2BE79B22-00CD-4A08-A4C8-CAE8F63337E5}.Debug|Any CPU.ActiveCfg = Debug|Any CPU
		{2BE79B22-00CD-4A08-A4C8-CAE8F63337E5}.Debug|Any CPU.Build.0 = Debug|Any CPU
		{2BE79B22-00CD-4A08-A4C8-CAE8F63337E5}.Release|Any CPU.ActiveCfg = Release|Any CPU
		{2BE79B22-00CD-4A08-A4C8-CAE8F63337E5}.Release|Any CPU.Build.0 = Release|Any CPU
		{2EFEF502-554E-4409-AC11-B675AB06B71F}.Debug|Any CPU.ActiveCfg = Debug|Any CPU
		{2EFEF502-554E-4409-AC11-B675AB06B71F}.Debug|Any CPU.Build.0 = Debug|Any CPU
		{2EFEF502-554E-4409-AC11-B675AB06B71F}.Release|Any CPU.ActiveCfg = Release|Any CPU
		{2EFEF502-554E-4409-AC11-B675AB06B71F}.Release|Any CPU.Build.0 = Release|Any CPU
		{6DB44348-476A-419C-8E53-6DB71484992F}.Debug|Any CPU.ActiveCfg = Debug|Any CPU
		{6DB44348-476A-419C-8E53-6DB71484992F}.Debug|Any CPU.Build.0 = Debug|Any CPU
		{6DB44348-476A-419C-8E53-6DB71484992F}.Release|Any CPU.ActiveCfg = Release|Any CPU
		{6DB44348-476A-419C-8E53-6DB71484992F}.Release|Any CPU.Build.0 = Release|Any CPU
		{923A3A2C-BF6C-4628-8551-A1A6AE32654B}.Debug|Any CPU.ActiveCfg = Debug|Any CPU
		{923A3A2C-BF6C-4628-8551-A1A6AE32654B}.Debug|Any CPU.Build.0 = Debug|Any CPU
		{923A3A2C-BF6C-4628-8551-A1A6AE32654B}.Release|Any CPU.ActiveCfg = Release|Any CPU
		{923A3A2C-BF6C-4628-8551-A1A6AE32654B}.Release|Any CPU.Build.0 = Release|Any CPU
		{62773174-8ACE-41B0-9765-848B2910BA9F}.Debug|Any CPU.ActiveCfg = Debug|Any CPU
		{62773174-8ACE-41B0-9765-848B2910BA9F}.Debug|Any CPU.Build.0 = Debug|Any CPU
		{62773174-8ACE-41B0-9765-848B2910BA9F}.Release|Any CPU.ActiveCfg = Release|Any CPU
		{62773174-8ACE-41B0-9765-848B2910BA9F}.Release|Any CPU.Build.0 = Release|Any CPU
	EndGlobalSection
	GlobalSection(SolutionProperties) = preSolution
		HideSolutionNode = FALSE
	EndGlobalSection
	GlobalSection(NestedProjects) = preSolution
		{11B077E0-831B-424A-B7DB-33C0A48574E7} = {5F14F7DA-354C-406F-AE0C-1B88B98C2C13}
		{9E2B2DB6-35B7-4265-8D2A-D47631A53167} = {11B077E0-831B-424A-B7DB-33C0A48574E7}
		{E0F80D06-4A9A-4646-A1FC-08EEABF31E50} = {5F14F7DA-354C-406F-AE0C-1B88B98C2C13}
		{2EFEF502-554E-4409-AC11-B675AB06B71F} = {E0F80D06-4A9A-4646-A1FC-08EEABF31E50}
		{1AB62D62-379D-495A-9A85-0BDD4599CDB1} = {5F14F7DA-354C-406F-AE0C-1B88B98C2C13}
		{6DB44348-476A-419C-8E53-6DB71484992F} = {1AB62D62-379D-495A-9A85-0BDD4599CDB1}
		{923A3A2C-BF6C-4628-8551-A1A6AE32654B} = {1AB62D62-379D-495A-9A85-0BDD4599CDB1}
		{E4413A21-0693-45AD-94A3-E6BBA3621C71} = {5F14F7DA-354C-406F-AE0C-1B88B98C2C13}
		{62773174-8ACE-41B0-9765-848B2910BA9F} = {E4413A21-0693-45AD-94A3-E6BBA3621C71}
	EndGlobalSection
	GlobalSection(ExtensibilityGlobals) = postSolution
		SolutionGuid = {36A4FA0F-1DE9-47D2-8254-6455D7C361F3}
	EndGlobalSection
EndGlobal
